
Microsoft Visual Studio Solution File, Format Version 12.00
# Visual Studio Version 17
VisualStudioVersion = 17.11.35327.3
MinimumVisualStudioVersion = 10.0.40219.1
Project("{CC5FD16D-436D-48AD-A40C-5A424C6E3E79}") = "MyFirstCSES", "MyFirstCSES\MyFirstCSES.ccproj", "{A8F195B2-0995-44A7-A0A6-1F0E0CAA339B}"
EndProject
Project("{FAE04EC0-301F-11D3-BF4B-00C04F79EFBC}") = "WebRole1", "WebRole1\WebRole1.csproj", "{D1B1C3DA-B669-4E5B-8CD5-C872F9B0FE72}"
EndProject
Global
	GlobalSection(SolutionConfigurationPlatforms) = preSolution
		Debug|Any CPU = Debug|Any CPU
		Release|Any CPU = Release|Any CPU
	EndGlobalSection
	GlobalSection(ProjectConfigurationPlatforms) = postSolution
		{A8F195B2-0995-44A7-A0A6-1F0E0CAA339B}.Debug|Any CPU.ActiveCfg = Debug|Any CPU
		{A8F195B2-0995-44A7-A0A6-1F0E0CAA339B}.Debug|Any CPU.Build.0 = Debug|Any CPU
		{A8F195B2-0995-44A7-A0A6-1F0E0CAA339B}.Release|Any CPU.ActiveCfg = Release|Any CPU
		{A8F195B2-0995-44A7-A0A6-1F0E0CAA339B}.Release|Any CPU.Build.0 = Release|Any CPU
		{D1B1C3DA-B669-4E5B-8CD5-C872F9B0FE72}.Debug|Any CPU.ActiveCfg = Debug|Any CPU
		{D1B1C3DA-B669-4E5B-8CD5-C872F9B0FE72}.Debug|Any CPU.Build.0 = Debug|Any CPU
		{D1B1C3DA-B669-4E5B-8CD5-C872F9B0FE72}.Release|Any CPU.ActiveCfg = Release|Any CPU
		{D1B1C3DA-B669-4E5B-8CD5-C872F9B0FE72}.Release|Any CPU.Build.0 = Release|Any CPU
	EndGlobalSection
	GlobalSection(SolutionProperties) = preSolution
		HideSolutionNode = FALSE
	EndGlobalSection
	GlobalSection(ExtensibilityGlobals) = postSolution
		SolutionGuid = {13EE1476-247D-4544-ACB4-00B6D045860B}
	EndGlobalSection
EndGlobal
